
Microsoft Visual Studio Solution File, Format Version 12.00
# Visual Studio Version 17
VisualStudioVersion = 17.7.34009.444
MinimumVisualStudioVersion = 10.0.40219.1
Project("{FAE04EC0-301F-11D3-BF4B-00C04F79EFBC}") = "lab28", "lab28\lab28.csproj", "{6C0475FF-3BC0-492A-8FC5-8CFD9F3F0ED7}"
EndProject
Global
	GlobalSection(SolutionConfigurationPlatforms) = preSolution
		Debug|Any CPU = Debug|Any CPU
		Release|Any CPU = Release|Any CPU
	EndGlobalSection
	GlobalSection(ProjectConfigurationPlatforms) = postSolution
		{6C0475FF-3BC0-492A-8FC5-8CFD9F3F0ED7}.Debug|Any CPU.ActiveCfg = Debug|Any CPU
		{6C0475FF-3BC0-492A-8FC5-8CFD9F3F0ED7}.Debug|Any CPU.Build.0 = Debug|Any CPU
		{6C0475FF-3BC0-492A-8FC5-8CFD9F3F0ED7}.Release|Any CPU.ActiveCfg = Release|Any CPU
		{6C0475FF-3BC0-492A-8FC5-8CFD9F3F0ED7}.Release|Any CPU.Build.0 = Release|Any CPU
	EndGlobalSection
	GlobalSection(SolutionProperties) = preSolution
		HideSolutionNode = FALSE
	EndGlobalSection
	GlobalSection(ExtensibilityGlobals) = postSolution
		SolutionGuid = {F466115A-DCDD-42B7-8C43-BDD25FF5CC70}
	EndGlobalSection
EndGlobal
